
Microsoft Visual Studio Solution File, Format Version 12.00
# Visual Studio Version 17
VisualStudioVersion = 17.11.35431.28
MinimumVisualStudioVersion = 10.0.40219.1
Project("{FAE04EC0-301F-11D3-BF4B-00C04F79EFBC}") = "MauiApp1deneme6", "MauiApp1deneme6\MauiApp1deneme6.csproj", "{B0B0D11D-3999-4508-8D8E-019255CC6F6C}"
EndProject
Global
	GlobalSection(SolutionConfigurationPlatforms) = preSolution
		Debug|Any CPU = Debug|Any CPU
		Release|Any CPU = Release|Any CPU
	EndGlobalSection
	GlobalSection(ProjectConfigurationPlatforms) = postSolution
		{B0B0D11D-3999-4508-8D8E-019255CC6F6C}.Debug|Any CPU.ActiveCfg = Debug|Any CPU
		{B0B0D11D-3999-4508-8D8E-019255CC6F6C}.Debug|Any CPU.Build.0 = Debug|Any CPU
		{B0B0D11D-3999-4508-8D8E-019255CC6F6C}.Debug|Any CPU.Deploy.0 = Debug|Any CPU
		{B0B0D11D-3999-4508-8D8E-019255CC6F6C}.Release|Any CPU.ActiveCfg = Release|Any CPU
		{B0B0D11D-3999-4508-8D8E-019255CC6F6C}.Release|Any CPU.Build.0 = Release|Any CPU
		{B0B0D11D-3999-4508-8D8E-019255CC6F6C}.Release|Any CPU.Deploy.0 = Release|Any CPU
	EndGlobalSection
	GlobalSection(SolutionProperties) = preSolution
		HideSolutionNode = FALSE
	EndGlobalSection
	GlobalSection(ExtensibilityGlobals) = postSolution
		SolutionGuid = {2A6D9B90-D360-4E53-9E72-3F507AEA18C7}
	EndGlobalSection
EndGlobal
